// !$*UTF8*$!
{
	archiveVersion = 1;
	classes = {
	};
	objectVersion = 50;
	objects = {

/* Begin PBXBuildFile section */
		1B7FCC792421008100614B57 /* 123456789.qn in Resources */ = {isa = PBXBuildFile; fileRef = 1B7FCC782421008100614B57 /* 123456789.qn */; };
		1B8D38482420FD2F00606271 /* AppDelegate.m in Sources */ = {isa = PBXBuildFile; fileRef = 1B8D38472420FD2F00606271 /* AppDelegate.m */; };
		1B8D384B2420FD2F00606271 /* ViewController.m in Sources */ = {isa = PBXBuildFile; fileRef = 1B8D384A2420FD2F00606271 /* ViewController.m */; };
		1B8D384E2420FD2F00606271 /* Main.storyboard in Resources */ = {isa = PBXBuildFile; fileRef = 1B8D384C2420FD2F00606271 /* Main.storyboard */; };
		1B8D38502420FD3000606271 /* Assets.xcassets in Resources */ = {isa = PBXBuildFile; fileRef = 1B8D384F2420FD3000606271 /* Assets.xcassets */; };
		1B8D38532420FD3000606271 /* LaunchScreen.storyboard in Resources */ = {isa = PBXBuildFile; fileRef = 1B8D38512420FD3000606271 /* LaunchScreen.storyboard */; };
		1B8D38562420FD3000606271 /* main.m in Sources */ = {isa = PBXBuildFile; fileRef = 1B8D38552420FD3000606271 /* main.m */; };
		1B8D385D2420FD7500606271 /* QNShareSDK.podspec in Resources */ = {isa = PBXBuildFile; fileRef = 1B8D385C2420FD7500606271 /* QNShareSDK.podspec */; };
		7457B1AFBE7C5D7018268BCC /* Pods_QNShareSDK_DEMO.framework in Frameworks */ = {isa = PBXBuildFile; fileRef = ACFECB3FE068E6A668DFC9DE /* Pods_QNShareSDK_DEMO.framework */; };
/* End PBXBuildFile section */

/* Begin PBXFileReference section */
		13F20F8C3E88574EAB323BE2 /* Pods-QNShareSDK_DEMO.release.xcconfig */ = {isa = PBXFileReference; includeInIndex = 1; lastKnownFileType = text.xcconfig; name = "Pods-QNShareSDK_DEMO.release.xcconfig"; path = "Target Support Files/Pods-QNShareSDK_DEMO/Pods-QNShareSDK_DEMO.release.xcconfig"; sourceTree = "<group>"; };
		1B7FCC782421008100614B57 /* 123456789.qn */ = {isa = PBXFileReference; fileEncoding = 4; lastKnownFileType = text; path = 123456789.qn; sourceTree = "<group>"; };
		1B8D38432420FD2F00606271 /* QNShareSDK_DEMO.app */ = {isa = PBXFileReference; explicitFileType = wrapper.application; includeInIndex = 0; path = QNShareSDK_DEMO.app; sourceTree = BUILT_PRODUCTS_DIR; };
		1B8D38462420FD2F00606271 /* AppDelegate.h */ = {isa = PBXFileReference; lastKnownFileType = sourcecode.c.h; path = AppDelegate.h; sourceTree = "<group>"; };
		1B8D38472420FD2F00606271 /* AppDelegate.m */ = {isa = PBXFileReference; lastKnownFileType = sourcecode.c.objc; path = AppDelegate.m; sourceTree = "<group>"; };
		1B8D38492420FD2F00606271 /* ViewController.h */ = {isa = PBXFileReference; lastKnownFileType = sourcecode.c.h; path = ViewController.h; sourceTree = "<group>"; };
		1B8D384A2420FD2F00606271 /* ViewController.m */ = {isa = PBXFileReference; lastKnownFileType = sourcecode.c.objc; path = ViewController.m; sourceTree = "<group>"; };
		1B8D384D2420FD2F00606271 /* Base */ = {isa = PBXFileReference; lastKnownFileType = file.storyboard; name = Base; path = Base.lproj/Main.storyboard; sourceTree = "<group>"; };
		1B8D384F2420FD3000606271 /* Assets.xcassets */ = {isa = PBXFileReference; lastKnownFileType = folder.assetcatalog; path = Assets.xcassets; sourceTree = "<group>"; };
		1B8D38522420FD3000606271 /* Base */ = {isa = PBXFileReference; lastKnownFileType = file.storyboard; name = Base; path = Base.lproj/LaunchScreen.storyboard; sourceTree = "<group>"; };
		1B8D38542420FD3000606271 /* Info.plist */ = {isa = PBXFileReference; lastKnownFileType = text.plist.xml; path = Info.plist; sourceTree = "<group>"; };
		1B8D38552420FD3000606271 /* main.m */ = {isa = PBXFileReference; lastKnownFileType = sourcecode.c.objc; path = main.m; sourceTree = "<group>"; };
		1B8D385C2420FD7500606271 /* QNShareSDK.podspec */ = {isa = PBXFileReference; fileEncoding = 4; lastKnownFileType = text; path = QNShareSDK.podspec; sourceTree = "<group>"; };
		ACFECB3FE068E6A668DFC9DE /* Pods_QNShareSDK_DEMO.framework */ = {isa = PBXFileReference; explicitFileType = wrapper.framework; includeInIndex = 0; path = Pods_QNShareSDK_DEMO.framework; sourceTree = BUILT_PRODUCTS_DIR; };
		B14B98022197E74FC5BC67CE /* Pods-QNShareSDK_DEMO.debug.xcconfig */ = {isa = PBXFileReference; includeInIndex = 1; lastKnownFileType = text.xcconfig; name = "Pods-QNShareSDK_DEMO.debug.xcconfig"; path = "Target Support Files/Pods-QNShareSDK_DEMO/Pods-QNShareSDK_DEMO.debug.xcconfig"; sourceTree = "<group>"; };
/* End PBXFileReference section */

/* Begin PBXFrameworksBuildPhase section */
		1B8D38402420FD2F00606271 /* Frameworks */ = {
			isa = PBXFrameworksBuildPhase;
			buildActionMask = 2147483647;
			files = (
				7457B1AFBE7C5D7018268BCC /* Pods_QNShareSDK_DEMO.framework in Frameworks */,
			);
			runOnlyForDeploymentPostprocessing = 0;
		};
/* End PBXFrameworksBuildPhase section */

/* Begin PBXGroup section */
		1B8D383A2420FD2F00606271 = {
			isa = PBXGroup;
			children = (
				1B8D385C2420FD7500606271 /* QNShareSDK.podspec */,
				1B8D38452420FD2F00606271 /* QNShareSDK_DEMO */,
				1B8D38442420FD2F00606271 /* Products */,
				422EB76180C133A50F767E4E /* Pods */,
				C2F3A268AF815E4BF081AC6E /* Frameworks */,
			);
			sourceTree = "<group>";
		};
		1B8D38442420FD2F00606271 /* Products */ = {
			isa = PBXGroup;
			children = (
				1B8D38432420FD2F00606271 /* QNShareSDK_DEMO.app */,
			);
			name = Products;
			sourceTree = "<group>";
		};
		1B8D38452420FD2F00606271 /* QNShareSDK_DEMO */ = {
			isa = PBXGroup;
			children = (
				1B8D38462420FD2F00606271 /* AppDelegate.h */,
				1B8D38472420FD2F00606271 /* AppDelegate.m */,
				1B8D38492420FD2F00606271 /* ViewController.h */,
				1B8D384A2420FD2F00606271 /* ViewController.m */,
				1B8D384C2420FD2F00606271 /* Main.storyboard */,
				1B8D384F2420FD3000606271 /* Assets.xcassets */,
				1B8D38512420FD3000606271 /* LaunchScreen.storyboard */,
				1B8D38542420FD3000606271 /* Info.plist */,
				1B7FCC782421008100614B57 /* 123456789.qn */,
				1B8D38552420FD3000606271 /* main.m */,
			);
			path = QNShareSDK_DEMO;
			sourceTree = "<group>";
		};
		422EB76180C133A50F767E4E /* Pods */ = {
			isa = PBXGroup;
			children = (
				B14B98022197E74FC5BC67CE /* Pods-QNShareSDK_DEMO.debug.xcconfig */,
				13F20F8C3E88574EAB323BE2 /* Pods-QNShareSDK_DEMO.release.xcconfig */,
			);
			path = Pods;
			sourceTree = "<group>";
		};
		C2F3A268AF815E4BF081AC6E /* Frameworks */ = {
			isa = PBXGroup;
			children = (
				ACFECB3FE068E6A668DFC9DE /* Pods_QNShareSDK_DEMO.framework */,
			);
			name = Frameworks;
			sourceTree = "<group>";
		};
/* End PBXGroup section */

/* Begin PBXNativeTarget section */
		1B8D38422420FD2F00606271 /* QNShareSDK_DEMO */ = {
			isa = PBXNativeTarget;
			buildConfigurationList = 1B8D38592420FD3000606271 /* Build configuration list for PBXNativeTarget "QNShareSDK_DEMO" */;
			buildPhases = (
				4A15459AF7693658FBB08CC7 /* [CP] Check Pods Manifest.lock */,
				1B8D383F2420FD2F00606271 /* Sources */,
				1B8D38402420FD2F00606271 /* Frameworks */,
				1B8D38412420FD2F00606271 /* Resources */,
			);
			buildRules = (
			);
			dependencies = (
			);
			name = QNShareSDK_DEMO;
			productName = QNShareSDK_DEMO;
			productReference = 1B8D38432420FD2F00606271 /* QNShareSDK_DEMO.app */;
			productType = "com.apple.product-type.application";
		};
/* End PBXNativeTarget section */

/* Begin PBXProject section */
		1B8D383B2420FD2F00606271 /* Project object */ = {
			isa = PBXProject;
			attributes = {
				LastUpgradeCheck = 1020;
				ORGANIZATIONNAME = QingNiu;
				TargetAttributes = {
					1B8D38422420FD2F00606271 = {
						CreatedOnToolsVersion = 10.2.1;
					};
				};
			};
			buildConfigurationList = 1B8D383E2420FD2F00606271 /* Build configuration list for PBXProject "QNShareSDK_DEMO" */;
			compatibilityVersion = "Xcode 9.3";
			developmentRegion = en;
			hasScannedForEncodings = 0;
			knownRegions = (
				en,
				Base,
			);
			mainGroup = 1B8D383A2420FD2F00606271;
			productRefGroup = 1B8D38442420FD2F00606271 /* Products */;
			projectDirPath = "";
			projectRoot = "";
			targets = (
				1B8D38422420FD2F00606271 /* QNShareSDK_DEMO */,
			);
		};
/* End PBXProject section */

/* Begin PBXResourcesBuildPhase section */
		1B8D38412420FD2F00606271 /* Resources */ = {
			isa = PBXResourcesBuildPhase;
			buildActionMask = 2147483647;
			files = (
				1B7FCC792421008100614B57 /* 123456789.qn in Resources */,
				1B8D38532420FD3000606271 /* LaunchScreen.storyboard in Resources */,
				1B8D38502420FD3000606271 /* Assets.xcassets in Resources */,
				1B8D385D2420FD7500606271 /* QNShareSDK.podspec in Resources */,
				1B8D384E2420FD2F00606271 /* Main.storyboard in Resources */,
			);
			runOnlyForDeploymentPostprocessing = 0;
		};
/* End PBXResourcesBuildPhase section */

/* Begin PBXShellScriptBuildPhase section */
		4A15459AF7693658FBB08CC7 /* [CP] Check Pods Manifest.lock */ = {
			isa = PBXShellScriptBuildPhase;
			buildActionMask = 2147483647;
			files = (
			);
			inputFileListPaths = (
			);
			inputPaths = (
				"${PODS_PODFILE_DIR_PATH}/Podfile.lock",
				"${PODS_ROOT}/Manifest.lock",
			);
			name = "[CP] Check Pods Manifest.lock";
			outputFileListPaths = (
			);
			outputPaths = (
				"$(DERIVED_FILE_DIR)/Pods-QNShareSDK_DEMO-checkManifestLockResult.txt",
			);
			runOnlyForDeploymentPostprocessing = 0;
			shellPath = /bin/sh;
			shellScript = "diff \"${PODS_PODFILE_DIR_PATH}/Podfile.lock\" \"${PODS_ROOT}/Manifest.lock\" > /dev/null\nif [ $? != 0 ] ; then\n    # print error to STDERR\n    echo \"error: The sandbox is not in sync with the Podfile.lock. Run 'pod install' or update your CocoaPods installation.\" >&2\n    exit 1\nfi\n# This output is used by Xcode 'outputs' to avoid re-running this script phase.\necho \"SUCCESS\" > \"${SCRIPT_OUTPUT_FILE_0}\"\n";
			showEnvVarsInLog = 0;
		};
/* End PBXShellScriptBuildPhase section */

/* Begin PBXSourcesBuildPhase section */
		1B8D383F2420FD2F00606271 /* Sources */ = {
			isa = PBXSourcesBuildPhase;
			buildActionMask = 2147483647;
			files = (
				1B8D384B2420FD2F00606271 /* ViewController.m in Sources */,
				1B8D38562420FD3000606271 /* main.m in Sources */,
				1B8D38482420FD2F00606271 /* AppDelegate.m in Sources */,
			);
			runOnlyForDeploymentPostprocessing = 0;
		};
/* End PBXSourcesBuildPhase section */

/* Begin PBXVariantGroup section */
		1B8D384C2420FD2F00606271 /* Main.storyboard */ = {
			isa = PBXVariantGroup;
			children = (
				1B8D384D2420FD2F00606271 /* Base */,
			);
			name = Main.storyboard;
			sourceTree = "<group>";
		};
		1B8D38512420FD3000606271 /* LaunchScreen.storyboard */ = {
			isa = PBXVariantGroup;
			children = (
				1B8D38522420FD3000606271 /* Base */,
			);
			name = LaunchScreen.storyboard;
			sourceTree = "<group>";
		};
/* End PBXVariantGroup section */

/* Begin XCBuildConfiguration section */
		1B8D38572420FD3000606271 /* Debug */ = {
			isa = XCBuildConfiguration;
			buildSettings = {
				ALWAYS_SEARCH_USER_PATHS = NO;
				CLANG_ANALYZER_NONNULL = YES;
				CLANG_ANALYZER_NUMBER_OBJECT_CONVERSION = YES_AGGRESSIVE;
				CLANG_CXX_LANGUAGE_STANDARD = "gnu++14";
				CLANG_CXX_LIBRARY = "libc++";
				CLANG_ENABLE_MODULES = YES;
				CLANG_ENABLE_OBJC_ARC = YES;
				CLANG_ENABLE_OBJC_WEAK = YES;
				CLANG_WARN_BLOCK_CAPTURE_AUTORELEASING = YES;
				CLANG_WARN_BOOL_CONVERSION = YES;
				CLANG_WARN_COMMA = YES;
				CLANG_WARN_CONSTANT_CONVERSION = YES;
				CLANG_WARN_DEPRECATED_OBJC_IMPLEMENTATIONS = YES;
				CLANG_WARN_DIRECT_OBJC_ISA_USAGE = YES_ERROR;
				CLANG_WARN_DOCUMENTATION_COMMENTS = YES;
				CLANG_WARN_EMPTY_BODY = YES;
				CLANG_WARN_ENUM_CONVERSION = YES;
				CLANG_WARN_INFINITE_RECURSION = YES;
				CLANG_WARN_INT_CONVERSION = YES;
				CLANG_WARN_NON_LITERAL_NULL_CONVERSION = YES;
				CLANG_WARN_OBJC_IMPLICIT_RETAIN_SELF = YES;
				CLANG_WARN_OBJC_LITERAL_CONVERSION = YES;
				CLANG_WARN_OBJC_ROOT_CLASS = YES_ERROR;
				CLANG_WARN_RANGE_LOOP_ANALYSIS = YES;
				CLANG_WARN_STRICT_PROTOTYPES = YES;
				CLANG_WARN_SUSPICIOUS_MOVE = YES;
				CLANG_WARN_UNGUARDED_AVAILABILITY = YES_AGGRESSIVE;
				CLANG_WARN_UNREACHABLE_CODE = YES;
				CLANG_WARN__DUPLICATE_METHOD_MATCH = YES;
				CODE_SIGN_IDENTITY = "iPhone Developer";
				COPY_PHASE_STRIP = NO;
				DEBUG_INFORMATION_FORMAT = dwarf;
				ENABLE_STRICT_OBJC_MSGSEND = YES;
				ENABLE_TESTABILITY = YES;
				GCC_C_LANGUAGE_STANDARD = gnu11;
				GCC_DYNAMIC_NO_PIC = NO;
				GCC_NO_COMMON_BLOCKS = YES;
				GCC_OPTIMIZATION_LEVEL = 0;
				GCC_PREPROCESSOR_DEFINITIONS = (
					"DEBUG=1",
					"$(inherited)",
				);
				GCC_WARN_64_TO_32_BIT_CONVERSION = YES;
				GCC_WARN_ABOUT_RETURN_TYPE = YES_ERROR;
				GCC_WARN_UNDECLARED_SELECTOR = YES;
				GCC_WARN_UNINITIALIZED_AUTOS = YES_AGGRESSIVE;
				GCC_WARN_UNUSED_FUNCTION = YES;
				GCC_WARN_UNUSED_VARIABLE = YES;
				IPHONEOS_DEPLOYMENT_TARGET = 12.2;
				MTL_ENABLE_DEBUG_INFO = INCLUDE_SOURCE;
				MTL_FAST_MATH = YES;
				ONLY_ACTIVE_ARCH = YES;
				SDKROOT = iphoneos;
			};
			name = Debug;
		};
		1B8D38582420FD3000606271 /* Release */ = {
			isa = XCBuildConfiguration;
			buildSettings = {
				ALWAYS_SEARCH_USER_PATHS = NO;
				CLANG_ANALYZER_NONNULL = YES;
				CLANG_ANALYZER_NUMBER_OBJECT_CONVERSION = YES_AGGRESSIVE;
				CLANG_CXX_LANGUAGE_STANDARD = "gnu++14";
				CLANG_CXX_LIBRARY = "libc++";
				CLANG_ENABLE_MODULES = YES;
				CLANG_ENABLE_OBJC_ARC = YES;
				CLANG_ENABLE_OBJC_WEAK = YES;
				CLANG_WARN_BLOCK_CAPTURE_AUTORELEASING = YES;
				CLANG_WARN_BOOL_CONVERSION = YES;
				CLANG_WARN_COMMA = YES;
				CLANG_WARN_CONSTANT_CONVERSION = YES;
				CLANG_WARN_DEPRECATED_OBJC_IMPLEMENTATIONS = YES;
				CLANG_WARN_DIRECT_OBJC_ISA_USAGE = YES_ERROR;
				CLANG_WARN_DOCUMENTATION_COMMENTS = YES;
				CLANG_WARN_EMPTY_BODY = YES;
				CLANG_WARN_ENUM_CONVERSION = YES;
				CLANG_WARN_INFINITE_RECURSION = YES;
				CLANG_WARN_INT_CONVERSION = YES;
				CLANG_WARN_NON_LITERAL_NULL_CONVERSION = YES;
				CLANG_WARN_OBJC_IMPLICIT_RETAIN_SELF = YES;
				CLANG_WARN_OBJC_LITERAL_CONVERSION = YES;
				CLANG_WARN_OBJC_ROOT_CLASS = YES_ERROR;
				CLANG_WARN_RANGE_LOOP_ANALYSIS = YES;
				CLANG_WARN_STRICT_PROTOTYPES = YES;
				CLANG_WARN_SUSPICIOUS_MOVE = YES;
				CLANG_WARN_UNGUARDED_AVAILABILITY = YES_AGGRESSIVE;
				CLANG_WARN_UNREACHABLE_CODE = YES;
				CLANG_WARN__DUPLICATE_METHOD_MATCH = YES;
				CODE_SIGN_IDENTITY = "iPhone Developer";
				COPY_PHASE_STRIP = NO;
				DEBUG_INFORMATION_FORMAT = "dwarf-with-dsym";
				ENABLE_NS_ASSERTIONS = NO;
				ENABLE_STRICT_OBJC_MSGSEND = YES;
				GCC_C_LANGUAGE_STANDARD = gnu11;
				GCC_NO_COMMON_BLOCKS = YES;
				GCC_WARN_64_TO_32_BIT_CONVERSION = YES;
				GCC_WARN_ABOUT_RETURN_TYPE = YES_ERROR;
				GCC_WARN_UNDECLARED_SELECTOR = YES;
				GCC_WARN_UNINITIALIZED_AUTOS = YES_AGGRESSIVE;
				GCC_WARN_UNUSED_FUNCTION = YES;
				GCC_WARN_UNUSED_VARIABLE = YES;
				IPHONEOS_DEPLOYMENT_TARGET = 12.2;
				MTL_ENABLE_DEBUG_INFO = NO;
				MTL_FAST_MATH = YES;
				SDKROOT = iphoneos;
				VALIDATE_PRODUCT = YES;
			};
			name = Release;
		};
		1B8D385A2420FD3000606271 /* Debug */ = {
			isa = XCBuildConfiguration;
			baseConfigurationReference = B14B98022197E74FC5BC67CE /* Pods-QNShareSDK_DEMO.debug.xcconfig */;
			buildSettings = {
				ASSETCATALOG_COMPILER_APPICON_NAME = AppIcon;
				CODE_SIGN_STYLE = Automatic;
				DEVELOPMENT_TEAM = BV3EPFW3GV;
				INFOPLIST_FILE = QNShareSDK_DEMO/Info.plist;
				IPHONEOS_DEPLOYMENT_TARGET = 9.0;
				LD_RUNPATH_SEARCH_PATHS = (
					"$(inherited)",
					"@executable_path/Frameworks",
				);
				PRODUCT_BUNDLE_IDENTIFIER = "QingNiu.QNShareSDK-DEMO";
				PRODUCT_NAME = "$(TARGET_NAME)";
				TARGETED_DEVICE_FAMILY = "1,2";
			};
			name = Debug;
		};
		1B8D385B2420FD3000606271 /* Release */ = {
			isa = XCBuildConfiguration;
			baseConfigurationReference = 13F20F8C3E88574EAB323BE2 /* Pods-QNShareSDK_DEMO.release.xcconfig */;
			buildSettings = {
				ASSETCATALOG_COMPILER_APPICON_NAME = AppIcon;
				CODE_SIGN_STYLE = Automatic;
				DEVELOPMENT_TEAM = BV3EPFW3GV;
				INFOPLIST_FILE = QNShareSDK_DEMO/Info.plist;
				IPHONEOS_DEPLOYMENT_TARGET = 9.0;
				LD_RUNPATH_SEARCH_PATHS = (
					"$(inherited)",
					"@executable_path/Frameworks",
				);
				PRODUCT_BUNDLE_IDENTIFIER = "QingNiu.QNShareSDK-DEMO";
				PRODUCT_NAME = "$(TARGET_NAME)";
				TARGETED_DEVICE_FAMILY = "1,2";
			};
			name = Release;
		};
/* End XCBuildConfiguration section */

/* Begin XCConfigurationList section */
		1B8D383E2420FD2F00606271 /* Build configuration list for PBXProject "QNShareSDK_DEMO" */ = {
			isa = XCConfigurationList;
			buildConfigurations = (
				1B8D38572420FD3000606271 /* Debug */,
				1B8D38582420FD3000606271 /* Release */,
			);
			defaultConfigurationIsVisible = 0;
			defaultConfigurationName = Release;
		};
		1B8D38592420FD3000606271 /* Build configuration list for PBXNativeTarget "QNShareSDK_DEMO" */ = {
			isa = XCConfigurationList;
			buildConfigurations = (
				1B8D385A2420FD3000606271 /* Debug */,
				1B8D385B2420FD3000606271 /* Release */,
			);
			defaultConfigurationIsVisible = 0;
			defaultConfigurationName = Release;
		};
/* End XCConfigurationList section */
	};
	rootObject = 1B8D383B2420FD2F00606271 /* Project object */;
}
